
Microsoft Visual Studio Solution File, Format Version 12.00
# Visual Studio 14
VisualStudioVersion = 14.0.25420.1
MinimumVisualStudioVersion = 10.0.40219.1
Project("{FAE04EC0-301F-11D3-BF4B-00C04F79EFBC}") = "ERPWorking", "ERPWorking\ERPWorking.csproj", "{5B66577C-4395-4FAB-BA7D-C15A275F1997}"
EndProject
Project("{FAE04EC0-301F-11D3-BF4B-00C04F79EFBC}") = "ERPApp.Core", "ERPApp.Core\ERPApp.Core.csproj", "{8E702458-A581-43A3-B91F-1371C4BF4CB1}"
EndProject
Project("{FAE04EC0-301F-11D3-BF4B-00C04F79EFBC}") = "ERPApp.Infrastructure", "ERPApp.Infrastructure\ERPApp.Infrastructure.csproj", "{94692150-4A8D-4CA7-9166-3A1AC2E7925E}"
EndProject
Global
	GlobalSection(SolutionConfigurationPlatforms) = preSolution
		Debug|Any CPU = Debug|Any CPU
		Release|Any CPU = Release|Any CPU
	EndGlobalSection
	GlobalSection(ProjectConfigurationPlatforms) = postSolution
		{5B66577C-4395-4FAB-BA7D-C15A275F1997}.Debug|Any CPU.ActiveCfg = Debug|Any CPU
		{5B66577C-4395-4FAB-BA7D-C15A275F1997}.Debug|Any CPU.Build.0 = Debug|Any CPU
		{5B66577C-4395-4FAB-BA7D-C15A275F1997}.Release|Any CPU.ActiveCfg = Release|Any CPU
		{5B66577C-4395-4FAB-BA7D-C15A275F1997}.Release|Any CPU.Build.0 = Release|Any CPU
		{8E702458-A581-43A3-B91F-1371C4BF4CB1}.Debug|Any CPU.ActiveCfg = Debug|Any CPU
		{8E702458-A581-43A3-B91F-1371C4BF4CB1}.Debug|Any CPU.Build.0 = Debug|Any CPU
		{8E702458-A581-43A3-B91F-1371C4BF4CB1}.Release|Any CPU.ActiveCfg = Release|Any CPU
		{8E702458-A581-43A3-B91F-1371C4BF4CB1}.Release|Any CPU.Build.0 = Release|Any CPU
		{94692150-4A8D-4CA7-9166-3A1AC2E7925E}.Debug|Any CPU.ActiveCfg = Debug|Any CPU
		{94692150-4A8D-4CA7-9166-3A1AC2E7925E}.Debug|Any CPU.Build.0 = Debug|Any CPU
		{94692150-4A8D-4CA7-9166-3A1AC2E7925E}.Release|Any CPU.ActiveCfg = Release|Any CPU
		{94692150-4A8D-4CA7-9166-3A1AC2E7925E}.Release|Any CPU.Build.0 = Release|Any CPU
	EndGlobalSection
	GlobalSection(SolutionProperties) = preSolution
		HideSolutionNode = FALSE
	EndGlobalSection
EndGlobal
